// !$*UTF8*$!
{
	archiveVersion = 1;
	classes = {
	};
	objectVersion = 50;
	objects = {

/* Begin PBXBuildFile section */
		8BFBFE0622F42D3F00B38524 /* AppDelegate.swift in Sources */ = {isa = PBXBuildFile; fileRef = 8BFBFE0522F42D3F00B38524 /* AppDelegate.swift */; };
		8BFBFE0B22F42D3F00B38524 /* Main.storyboard in Resources */ = {isa = PBXBuildFile; fileRef = 8BFBFE0922F42D3F00B38524 /* Main.storyboard */; };
		8BFBFE0D22F42D4000B38524 /* Assets.xcassets in Resources */ = {isa = PBXBuildFile; fileRef = 8BFBFE0C22F42D4000B38524 /* Assets.xcassets */; };
		8BFBFE1022F42D4000B38524 /* LaunchScreen.storyboard in Resources */ = {isa = PBXBuildFile; fileRef = 8BFBFE0E22F42D4000B38524 /* LaunchScreen.storyboard */; };
		8BFBFE1822F42E5900B38524 /* MetalView.swift in Sources */ = {isa = PBXBuildFile; fileRef = 8BFBFE1722F42E5900B38524 /* MetalView.swift */; };
		8BFBFE1A22F4383C00B38524 /* Shaders.metal in Sources */ = {isa = PBXBuildFile; fileRef = 8BFBFE1922F4383C00B38524 /* Shaders.metal */; };
/* End PBXBuildFile section */

/* Begin PBXFileReference section */
		8BFBFE0222F42D3F00B38524 /* MetalKitTutorial.app */ = {isa = PBXFileReference; explicitFileType = wrapper.application; includeInIndex = 0; path = MetalKitTutorial.app; sourceTree = BUILT_PRODUCTS_DIR; };
		8BFBFE0522F42D3F00B38524 /* AppDelegate.swift */ = {isa = PBXFileReference; lastKnownFileType = sourcecode.swift; path = AppDelegate.swift; sourceTree = "<group>"; };
		8BFBFE0A22F42D3F00B38524 /* Base */ = {isa = PBXFileReference; lastKnownFileType = file.storyboard; name = Base; path = Base.lproj/Main.storyboard; sourceTree = "<group>"; };
		8BFBFE0C22F42D4000B38524 /* Assets.xcassets */ = {isa = PBXFileReference; lastKnownFileType = folder.assetcatalog; path = Assets.xcassets; sourceTree = "<group>"; };
		8BFBFE0F22F42D4000B38524 /* Base */ = {isa = PBXFileReference; lastKnownFileType = file.storyboard; name = Base; path = Base.lproj/LaunchScreen.storyboard; sourceTree = "<group>"; };
		8BFBFE1122F42D4000B38524 /* Info.plist */ = {isa = PBXFileReference; lastKnownFileType = text.plist.xml; path = Info.plist; sourceTree = "<group>"; };
		8BFBFE1722F42E5900B38524 /* MetalView.swift */ = {isa = PBXFileReference; lastKnownFileType = sourcecode.swift; path = MetalView.swift; sourceTree = "<group>"; };
		8BFBFE1922F4383C00B38524 /* Shaders.metal */ = {isa = PBXFileReference; lastKnownFileType = sourcecode.metal; path = Shaders.metal; sourceTree = "<group>"; };
/* End PBXFileReference section */

/* Begin PBXFrameworksBuildPhase section */
		8BFBFDFF22F42D3F00B38524 /* Frameworks */ = {
			isa = PBXFrameworksBuildPhase;
			buildActionMask = 2147483647;
			files = (
			);
			runOnlyForDeploymentPostprocessing = 0;
		};
/* End PBXFrameworksBuildPhase section */

/* Begin PBXGroup section */
		8BFBFDF922F42D3F00B38524 = {
			isa = PBXGroup;
			children = (
				8BFBFE0422F42D3F00B38524 /* MetalKitTutorial */,
				8BFBFE0322F42D3F00B38524 /* Products */,
			);
			sourceTree = "<group>";
		};
		8BFBFE0322F42D3F00B38524 /* Products */ = {
			isa = PBXGroup;
			children = (
				8BFBFE0222F42D3F00B38524 /* MetalKitTutorial.app */,
			);
			name = Products;
			sourceTree = "<group>";
		};
		8BFBFE0422F42D3F00B38524 /* MetalKitTutorial */ = {
			isa = PBXGroup;
			children = (
				8BFBFE0522F42D3F00B38524 /* AppDelegate.swift */,
				8BFBFE0922F42D3F00B38524 /* Main.storyboard */,
				8BFBFE0C22F42D4000B38524 /* Assets.xcassets */,
				8BFBFE0E22F42D4000B38524 /* LaunchScreen.storyboard */,
				8BFBFE1122F42D4000B38524 /* Info.plist */,
				8BFBFE1722F42E5900B38524 /* MetalView.swift */,
				8BFBFE1922F4383C00B38524 /* Shaders.metal */,
			);
			path = MetalKitTutorial;
			sourceTree = "<group>";
		};
/* End PBXGroup section */

/* Begin PBXNativeTarget section */
		8BFBFE0122F42D3F00B38524 /* MetalKitTutorial */ = {
			isa = PBXNativeTarget;
			buildConfigurationList = 8BFBFE1422F42D4000B38524 /* Build configuration list for PBXNativeTarget "MetalKitTutorial" */;
			buildPhases = (
				8BFBFDFE22F42D3F00B38524 /* Sources */,
				8BFBFDFF22F42D3F00B38524 /* Frameworks */,
				8BFBFE0022F42D3F00B38524 /* Resources */,
			);
			buildRules = (
			);
			dependencies = (
			);
			name = MetalKitTutorial;
			productName = MetalKitTutorial;
			productReference = 8BFBFE0222F42D3F00B38524 /* MetalKitTutorial.app */;
			productType = "com.apple.product-type.application";
		};
/* End PBXNativeTarget section */

/* Begin PBXProject section */
		8BFBFDFA22F42D3F00B38524 /* Project object */ = {
			isa = PBXProject;
			attributes = {
				LastSwiftUpdateCheck = 1030;
				LastUpgradeCheck = 1030;
				ORGANIZATIONNAME = "Erik Vildanov";
				TargetAttributes = {
					8BFBFE0122F42D3F00B38524 = {
						CreatedOnToolsVersion = 10.3;
					};
				};
			};
			buildConfigurationList = 8BFBFDFD22F42D3F00B38524 /* Build configuration list for PBXProject "MetalKitTutorial" */;
			compatibilityVersion = "Xcode 9.3";
			developmentRegion = en;
			hasScannedForEncodings = 0;
			knownRegions = (
				en,
				Base,
			);
			mainGroup = 8BFBFDF922F42D3F00B38524;
			productRefGroup = 8BFBFE0322F42D3F00B38524 /* Products */;
			projectDirPath = "";
			projectRoot = "";
			targets = (
				8BFBFE0122F42D3F00B38524 /* MetalKitTutorial */,
			);
		};
/* End PBXProject section */

/* Begin PBXResourcesBuildPhase section */
		8BFBFE0022F42D3F00B38524 /* Resources */ = {
			isa = PBXResourcesBuildPhase;
			buildActionMask = 2147483647;
			files = (
				8BFBFE1022F42D4000B38524 /* LaunchScreen.storyboard in Resources */,
				8BFBFE0D22F42D4000B38524 /* Assets.xcassets in Resources */,
				8BFBFE0B22F42D3F00B38524 /* Main.storyboard in Resources */,
			);
			runOnlyForDeploymentPostprocessing = 0;
		};
/* End PBXResourcesBuildPhase section */

/* Begin PBXSourcesBuildPhase section */
		8BFBFDFE22F42D3F00B38524 /* Sources */ = {
			isa = PBXSourcesBuildPhase;
			buildActionMask = 2147483647;
			files = (
				8BFBFE1A22F4383C00B38524 /* Shaders.metal in Sources */,
				8BFBFE1822F42E5900B38524 /* MetalView.swift in Sources */,
				8BFBFE0622F42D3F00B38524 /* AppDelegate.swift in Sources */,
			);
			runOnlyForDeploymentPostprocessing = 0;
		};
/* End PBXSourcesBuildPhase section */

/* Begin PBXVariantGroup section */
		8BFBFE0922F42D3F00B38524 /* Main.storyboard */ = {
			isa = PBXVariantGroup;
			children = (
				8BFBFE0A22F42D3F00B38524 /* Base */,
			);
			name = Main.storyboard;
			sourceTree = "<group>";
		};
		8BFBFE0E22F42D4000B38524 /* LaunchScreen.storyboard */ = {
			isa = PBXVariantGroup;
			children = (
				8BFBFE0F22F42D4000B38524 /* Base */,
			);
			name = LaunchScreen.storyboard;
			sourceTree = "<group>";
		};
/* End PBXVariantGroup section */

/* Begin XCBuildConfiguration section */
		8BFBFE1222F42D4000B38524 /* Debug */ = {
			isa = XCBuildConfiguration;
			buildSettings = {
				ALWAYS_SEARCH_USER_PATHS = NO;
				CLANG_ANALYZER_NONNULL = YES;
				CLANG_ANALYZER_NUMBER_OBJECT_CONVERSION = YES_AGGRESSIVE;
				CLANG_CXX_LANGUAGE_STANDARD = "gnu++14";
				CLANG_CXX_LIBRARY = "libc++";
				CLANG_ENABLE_MODULES = YES;
				CLANG_ENABLE_OBJC_ARC = YES;
				CLANG_ENABLE_OBJC_WEAK = YES;
				CLANG_WARN_BLOCK_CAPTURE_AUTORELEASING = YES;
				CLANG_WARN_BOOL_CONVERSION = YES;
				CLANG_WARN_COMMA = YES;
				CLANG_WARN_CONSTANT_CONVERSION = YES;
				CLANG_WARN_DEPRECATED_OBJC_IMPLEMENTATIONS = YES;
				CLANG_WARN_DIRECT_OBJC_ISA_USAGE = YES_ERROR;
				CLANG_WARN_DOCUMENTATION_COMMENTS = YES;
				CLANG_WARN_EMPTY_BODY = YES;
				CLANG_WARN_ENUM_CONVERSION = YES;
				CLANG_WARN_INFINITE_RECURSION = YES;
				CLANG_WARN_INT_CONVERSION = YES;
				CLANG_WARN_NON_LITERAL_NULL_CONVERSION = YES;
				CLANG_WARN_OBJC_IMPLICIT_RETAIN_SELF = YES;
				CLANG_WARN_OBJC_LITERAL_CONVERSION = YES;
				CLANG_WARN_OBJC_ROOT_CLASS = YES_ERROR;
				CLANG_WARN_RANGE_LOOP_ANALYSIS = YES;
				CLANG_WARN_STRICT_PROTOTYPES = YES;
				CLANG_WARN_SUSPICIOUS_MOVE = YES;
				CLANG_WARN_UNGUARDED_AVAILABILITY = YES_AGGRESSIVE;
				CLANG_WARN_UNREACHABLE_CODE = YES;
				CLANG_WARN__DUPLICATE_METHOD_MATCH = YES;
				CODE_SIGN_IDENTITY = "iPhone Developer";
				COPY_PHASE_STRIP = NO;
				DEBUG_INFORMATION_FORMAT = dwarf;
				ENABLE_STRICT_OBJC_MSGSEND = YES;
				ENABLE_TESTABILITY = YES;
				GCC_C_LANGUAGE_STANDARD = gnu11;
				GCC_DYNAMIC_NO_PIC = NO;
				GCC_NO_COMMON_BLOCKS = YES;
				GCC_OPTIMIZATION_LEVEL = 0;
				GCC_PREPROCESSOR_DEFINITIONS = (
					"DEBUG=1",
					"$(inherited)",
				);
				GCC_WARN_64_TO_32_BIT_CONVERSION = YES;
				GCC_WARN_ABOUT_RETURN_TYPE = YES_ERROR;
				GCC_WARN_UNDECLARED_SELECTOR = YES;
				GCC_WARN_UNINITIALIZED_AUTOS = YES_AGGRESSIVE;
				GCC_WARN_UNUSED_FUNCTION = YES;
				GCC_WARN_UNUSED_VARIABLE = YES;
				IPHONEOS_DEPLOYMENT_TARGET = 12.4;
				MTL_ENABLE_DEBUG_INFO = INCLUDE_SOURCE;
				MTL_FAST_MATH = YES;
				ONLY_ACTIVE_ARCH = YES;
				SDKROOT = iphoneos;
				SWIFT_ACTIVE_COMPILATION_CONDITIONS = DEBUG;
				SWIFT_OPTIMIZATION_LEVEL = "-Onone";
			};
			name = Debug;
		};
		8BFBFE1322F42D4000B38524 /* Release */ = {
			isa = XCBuildConfiguration;
			buildSettings = {
				ALWAYS_SEARCH_USER_PATHS = NO;
				CLANG_ANALYZER_NONNULL = YES;
				CLANG_ANALYZER_NUMBER_OBJECT_CONVERSION = YES_AGGRESSIVE;
				CLANG_CXX_LANGUAGE_STANDARD = "gnu++14";
				CLANG_CXX_LIBRARY = "libc++";
				CLANG_ENABLE_MODULES = YES;
				CLANG_ENABLE_OBJC_ARC = YES;
				CLANG_ENABLE_OBJC_WEAK = YES;
				CLANG_WARN_BLOCK_CAPTURE_AUTORELEASING = YES;
				CLANG_WARN_BOOL_CONVERSION = YES;
				CLANG_WARN_COMMA = YES;
				CLANG_WARN_CONSTANT_CONVERSION = YES;
				CLANG_WARN_DEPRECATED_OBJC_IMPLEMENTATIONS = YES;
				CLANG_WARN_DIRECT_OBJC_ISA_USAGE = YES_ERROR;
				CLANG_WARN_DOCUMENTATION_COMMENTS = YES;
				CLANG_WARN_EMPTY_BODY = YES;
				CLANG_WARN_ENUM_CONVERSION = YES;
				CLANG_WARN_INFINITE_RECURSION = YES;
				CLANG_WARN_INT_CONVERSION = YES;
				CLANG_WARN_NON_LITERAL_NULL_CONVERSION = YES;
				CLANG_WARN_OBJC_IMPLICIT_RETAIN_SELF = YES;
				CLANG_WARN_OBJC_LITERAL_CONVERSION = YES;
				CLANG_WARN_OBJC_ROOT_CLASS = YES_ERROR;
				CLANG_WARN_RANGE_LOOP_ANALYSIS = YES;
				CLANG_WARN_STRICT_PROTOTYPES = YES;
				CLANG_WARN_SUSPICIOUS_MOVE = YES;
				CLANG_WARN_UNGUARDED_AVAILABILITY = YES_AGGRESSIVE;
				CLANG_WARN_UNREACHABLE_CODE = YES;
				CLANG_WARN__DUPLICATE_METHOD_MATCH = YES;
				CODE_SIGN_IDENTITY = "iPhone Developer";
				COPY_PHASE_STRIP = NO;
				DEBUG_INFORMATION_FORMAT = "dwarf-with-dsym";
				ENABLE_NS_ASSERTIONS = NO;
				ENABLE_STRICT_OBJC_MSGSEND = YES;
				GCC_C_LANGUAGE_STANDARD = gnu11;
				GCC_NO_COMMON_BLOCKS = YES;
				GCC_WARN_64_TO_32_BIT_CONVERSION = YES;
				GCC_WARN_ABOUT_RETURN_TYPE = YES_ERROR;
				GCC_WARN_UNDECLARED_SELECTOR = YES;
				GCC_WARN_UNINITIALIZED_AUTOS = YES_AGGRESSIVE;
				GCC_WARN_UNUSED_FUNCTION = YES;
				GCC_WARN_UNUSED_VARIABLE = YES;
				IPHONEOS_DEPLOYMENT_TARGET = 12.4;
				MTL_ENABLE_DEBUG_INFO = NO;
				MTL_FAST_MATH = YES;
				SDKROOT = iphoneos;
				SWIFT_COMPILATION_MODE = wholemodule;
				SWIFT_OPTIMIZATION_LEVEL = "-O";
				VALIDATE_PRODUCT = YES;
			};
			name = Release;
		};
		8BFBFE1522F42D4000B38524 /* Debug */ = {
			isa = XCBuildConfiguration;
			buildSettings = {
				ASSETCATALOG_COMPILER_APPICON_NAME = AppIcon;
				CODE_SIGN_STYLE = Automatic;
				DEVELOPMENT_TEAM = D423L8TC7V;
				INFOPLIST_FILE = MetalKitTutorial/Info.plist;
				LD_RUNPATH_SEARCH_PATHS = (
					"$(inherited)",
					"@executable_path/Frameworks",
				);
				PRODUCT_BUNDLE_IDENTIFIER = CloudBerryLab.MetalKitTutorial;
				PRODUCT_NAME = "$(TARGET_NAME)";
				SWIFT_VERSION = 5.0;
				TARGETED_DEVICE_FAMILY = "1,2";
			};
			name = Debug;
		};
		8BFBFE1622F42D4000B38524 /* Release */ = {
			isa = XCBuildConfiguration;
			buildSettings = {
				ASSETCATALOG_COMPILER_APPICON_NAME = AppIcon;
				CODE_SIGN_STYLE = Automatic;
				DEVELOPMENT_TEAM = D423L8TC7V;
				INFOPLIST_FILE = MetalKitTutorial/Info.plist;
				LD_RUNPATH_SEARCH_PATHS = (
					"$(inherited)",
					"@executable_path/Frameworks",
				);
				PRODUCT_BUNDLE_IDENTIFIER = CloudBerryLab.MetalKitTutorial;
				PRODUCT_NAME = "$(TARGET_NAME)";
				SWIFT_VERSION = 5.0;
				TARGETED_DEVICE_FAMILY = "1,2";
			};
			name = Release;
		};
/* End XCBuildConfiguration section */

/* Begin XCConfigurationList section */
		8BFBFDFD22F42D3F00B38524 /* Build configuration list for PBXProject "MetalKitTutorial" */ = {
			isa = XCConfigurationList;
			buildConfigurations = (
				8BFBFE1222F42D4000B38524 /* Debug */,
				8BFBFE1322F42D4000B38524 /* Release */,
			);
			defaultConfigurationIsVisible = 0;
			defaultConfigurationName = Release;
		};
		8BFBFE1422F42D4000B38524 /* Build configuration list for PBXNativeTarget "MetalKitTutorial" */ = {
			isa = XCConfigurationList;
			buildConfigurations = (
				8BFBFE1522F42D4000B38524 /* Debug */,
				8BFBFE1622F42D4000B38524 /* Release */,
			);
			defaultConfigurationIsVisible = 0;
			defaultConfigurationName = Release;
		};
/* End XCConfigurationList section */
	};
	rootObject = 8BFBFDFA22F42D3F00B38524 /* Project object */;
}
